
Microsoft Visual Studio Solution File, Format Version 12.00
# Visual Studio 2012
Project("{FAE04EC0-301F-11D3-BF4B-00C04F79EFBC}") = "1.Numbers from 1 to N", "1.Numbers from 1 to N\1.Numbers from 1 to N.csproj", "{71E0179D-94AB-40CA-A5A3-EDF19CC3FADD}"
EndProject
Project("{FAE04EC0-301F-11D3-BF4B-00C04F79EFBC}") = "2.Numbers Not Divisible by 3 and 7", "2.Numbers Not Divisible by 3 and 7\2.Numbers Not Divisible by 3 and 7.csproj", "{EA3DE0FB-FCBD-4B97-B317-248608CE8427}"
EndProject
Project("{FAE04EC0-301F-11D3-BF4B-00C04F79EFBC}") = "3.Min, Max, Sum and Average of N Numbers", "3.Min, Max, Sum and Average of N Numbers\3.Min, Max, Sum and Average of N Numbers.csproj", "{5B1FE3B4-B820-4F47-AA28-BC3107755A74}"
EndProject
Global
	GlobalSection(SolutionConfigurationPlatforms) = preSolution
		Debug|Any CPU = Debug|Any CPU
		Release|Any CPU = Release|Any CPU
	EndGlobalSection
	GlobalSection(ProjectConfigurationPlatforms) = postSolution
		{71E0179D-94AB-40CA-A5A3-EDF19CC3FADD}.Debug|Any CPU.ActiveCfg = Debug|Any CPU
		{71E0179D-94AB-40CA-A5A3-EDF19CC3FADD}.Debug|Any CPU.Build.0 = Debug|Any CPU
		{71E0179D-94AB-40CA-A5A3-EDF19CC3FADD}.Release|Any CPU.ActiveCfg = Release|Any CPU
		{71E0179D-94AB-40CA-A5A3-EDF19CC3FADD}.Release|Any CPU.Build.0 = Release|Any CPU
		{EA3DE0FB-FCBD-4B97-B317-248608CE8427}.Debug|Any CPU.ActiveCfg = Debug|Any CPU
		{EA3DE0FB-FCBD-4B97-B317-248608CE8427}.Debug|Any CPU.Build.0 = Debug|Any CPU
		{EA3DE0FB-FCBD-4B97-B317-248608CE8427}.Release|Any CPU.ActiveCfg = Release|Any CPU
		{EA3DE0FB-FCBD-4B97-B317-248608CE8427}.Release|Any CPU.Build.0 = Release|Any CPU
		{5B1FE3B4-B820-4F47-AA28-BC3107755A74}.Debug|Any CPU.ActiveCfg = Debug|Any CPU
		{5B1FE3B4-B820-4F47-AA28-BC3107755A74}.Debug|Any CPU.Build.0 = Debug|Any CPU
		{5B1FE3B4-B820-4F47-AA28-BC3107755A74}.Release|Any CPU.ActiveCfg = Release|Any CPU
		{5B1FE3B4-B820-4F47-AA28-BC3107755A74}.Release|Any CPU.Build.0 = Release|Any CPU
	EndGlobalSection
	GlobalSection(SolutionProperties) = preSolution
		HideSolutionNode = FALSE
	EndGlobalSection
EndGlobal
